{
  "name": "test",
  "version": "1.0.0",
  "lockfileVersion": 2,
  "requires": true,
  "packages": {
    "": {
      "name": "test",
      "version": "1.0.0",
      "license": "ISC",
      "dependencies": {
        "@votuan/is-even": "^0.0.1"
      }
    },
    "../myorg/dist/packages/is-even": {
      "name": "@votuan/is-even",
      "version": "0.0.1",
      "extraneous": true,
      "peerDependencies": {
        "tslib": "2.5.0"
      }
    },
    "node_modules/@votuan/is-even": {
      "version": "0.0.1",
      "resolved": "https://registry.npmjs.org/@votuan/is-even/-/is-even-0.0.1.tgz",
      "integrity": "sha512-cB42+ujOtcOJCoNwz3WvuRElja5bsSfWVdkGs/GzuYmLzVH6qA0q7/XVofbXVK3RI/l+dUOH6fl2bhFz6jo7jw==",
      "peerDependencies": {
        "tslib": "2.5.0"
      }
    },
    "node_modules/tslib": {
      "version": "2.5.0",
      "resolved": "https://registry.npmjs.org/tslib/-/tslib-2.5.0.tgz",
      "integrity": "sha512-336iVw3rtn2BUK7ORdIAHTyxHGRIHVReokCR3XjbckJMK7ms8FysBfhLR8IXnAgy7T0PTPNBWKiH514FOW/WSg==",
      "peer": true
    }
  },
  "dependencies": {
    "@votuan/is-even": {
      "version": "0.0.1",
      "resolved": "https://registry.npmjs.org/@votuan/is-even/-/is-even-0.0.1.tgz",
      "integrity": "sha512-cB42+ujOtcOJCoNwz3WvuRElja5bsSfWVdkGs/GzuYmLzVH6qA0q7/XVofbXVK3RI/l+dUOH6fl2bhFz6jo7jw==",
      "requires": {}
    },
    "tslib": {
      "version": "2.5.0",
      "resolved": "https://registry.npmjs.org/tslib/-/tslib-2.5.0.tgz",
      "integrity": "sha512-336iVw3rtn2BUK7ORdIAHTyxHGRIHVReokCR3XjbckJMK7ms8FysBfhLR8IXnAgy7T0PTPNBWKiH514FOW/WSg==",
      "peer": true
    }
  }
}
